
Microsoft Visual Studio Solution File, Format Version 12.00
# Visual Studio 15
VisualStudioVersion = 15.0.28010.2046
MinimumVisualStudioVersion = 10.0.40219.1
Project("{FAE04EC0-301F-11D3-BF4B-00C04F79EFBC}") = "WpfApp_test", "WpfApp_test\WpfApp_test.csproj", "{7E8DDE80-A7A4-452D-B49F-CE587A5ABE2F}"
EndProject
Global
	GlobalSection(SolutionConfigurationPlatforms) = preSolution
		Debug|Any CPU = Debug|Any CPU
		Release|Any CPU = Release|Any CPU
	EndGlobalSection
	GlobalSection(ProjectConfigurationPlatforms) = postSolution
		{7E8DDE80-A7A4-452D-B49F-CE587A5ABE2F}.Debug|Any CPU.ActiveCfg = Debug|Any CPU
		{7E8DDE80-A7A4-452D-B49F-CE587A5ABE2F}.Debug|Any CPU.Build.0 = Debug|Any CPU
		{7E8DDE80-A7A4-452D-B49F-CE587A5ABE2F}.Release|Any CPU.ActiveCfg = Release|Any CPU
		{7E8DDE80-A7A4-452D-B49F-CE587A5ABE2F}.Release|Any CPU.Build.0 = Release|Any CPU
	EndGlobalSection
	GlobalSection(SolutionProperties) = preSolution
		HideSolutionNode = FALSE
	EndGlobalSection
	GlobalSection(ExtensibilityGlobals) = postSolution
		SolutionGuid = {B1C896A1-B2ED-474D-901B-5CFBE47B2433}
	EndGlobalSection
EndGlobal
